{
  "requires": true,
  "lockfileVersion": 1,
  "dependencies": {
    "@react-navigation/core": {
      "version": "5.3.4",
      "resolved": "https://registry.npmjs.org/@react-navigation/core/-/core-5.3.4.tgz",
      "integrity": "sha512-ul8J7oHC1/k/qWORr7uI710nKofbcD2clYI0bK0Bix+xgAoiFPgrwRDrQcjWw4YQViYlR8CGF/DhnKK+BFA+Yw==",
      "requires": {
        "@react-navigation/routers": "^5.4.0",
        "escape-string-regexp": "^2.0.0",
        "nanoid": "^3.0.2",
        "query-string": "^6.12.0",
        "react-is": "^16.13.0",
        "use-subscription": "^1.4.0"
      }
    },
    "@react-navigation/drawer": {
      "version": "5.5.0",
      "resolved": "https://registry.npmjs.org/@react-navigation/drawer/-/drawer-5.5.0.tgz",
      "integrity": "sha512-c0PZF1AHujw3b67SHxEdc/OSXScV0rBS2dQ/8SlLGpGShzrGW1p1ccOibVYqSZIRu1r0OOXjFM4nKgf8mkNy2g==",
      "requires": {
        "color": "^3.1.2",
        "react-native-iphone-x-helper": "^1.2.1"
      }
    },
    "@react-navigation/native": {
      "version": "5.1.6",
      "resolved": "https://registry.npmjs.org/@react-navigation/native/-/native-5.1.6.tgz",
      "integrity": "sha512-DLLSnh29AndrGjPrHJoAgObeO9TiyrGtrASl+SA3B4ksmz4dUV2t6vaRwHogn1kejvRd+1T8VD923d3K1rjy7w==",
      "requires": {
        "@react-navigation/core": "^5.3.4"
      }
    },
    "@react-navigation/routers": {
      "version": "5.4.0",
      "resolved": "https://registry.npmjs.org/@react-navigation/routers/-/routers-5.4.0.tgz",
      "integrity": "sha512-Z5mQF/oQH9CRLilNm1H7h0wjY3dKomWOhuuDehW8UKuLiFp2mWJI1P5N9qwaSraxhcoiVfb9QXwKZru/wBzWMQ==",
      "requires": {
        "nanoid": "^3.0.2"
      }
    },
    "color": {
      "version": "3.1.2",
      "resolved": "https://registry.npmjs.org/color/-/color-3.1.2.tgz",
      "integrity": "sha512-vXTJhHebByxZn3lDvDJYw4lR5+uB3vuoHsuYA5AKuxRVn5wzzIfQKGLBmgdVRHKTJYeK5rvJcHnrd0Li49CFpg==",
      "requires": {
        "color-convert": "^1.9.1",
        "color-string": "^1.5.2"
      }
    },
    "color-convert": {
      "version": "1.9.3",
      "resolved": "https://registry.npmjs.org/color-convert/-/color-convert-1.9.3.tgz",
      "integrity": "sha512-QfAUtd+vFdAtFQcC8CCyYt1fYWxSqAiK2cSD6zDB8N3cpsEBAvRxp9zOGg6G/SHHJYAT88/az/IuDGALsNVbGg==",
      "requires": {
        "color-name": "1.1.3"
      }
    },
    "color-name": {
      "version": "1.1.3",
      "resolved": "https://registry.npmjs.org/color-name/-/color-name-1.1.3.tgz",
      "integrity": "sha1-p9BVi9icQveV3UIyj3QIMcpTvCU="
    },
    "color-string": {
      "version": "1.5.3",
      "resolved": "https://registry.npmjs.org/color-string/-/color-string-1.5.3.tgz",
      "integrity": "sha512-dC2C5qeWoYkxki5UAXapdjqO672AM4vZuPGRQfO8b5HKuKGBbKWpITyDYN7TOFKvRW7kOgAn3746clDBMDJyQw==",
      "requires": {
        "color-name": "^1.0.0",
        "simple-swizzle": "^0.2.2"
      }
    },
    "decode-uri-component": {
      "version": "0.2.0",
      "resolved": "https://registry.npmjs.org/decode-uri-component/-/decode-uri-component-0.2.0.tgz",
      "integrity": "sha1-6zkTMzRYd1y4TNGh+uBiEGu4dUU="
    },
    "escape-string-regexp": {
      "version": "2.0.0",
      "resolved": "https://registry.npmjs.org/escape-string-regexp/-/escape-string-regexp-2.0.0.tgz",
      "integrity": "sha512-UpzcLCXolUWcNu5HtVMHYdXJjArjsF9C0aNnquZYY4uW/Vu0miy5YoWvbV345HauVvcAUnpRuhMMcqTcGOY2+w=="
    },
    "is-arrayish": {
      "version": "0.3.2",
      "resolved": "https://registry.npmjs.org/is-arrayish/-/is-arrayish-0.3.2.tgz",
      "integrity": "sha512-eVRqCvVlZbuw3GrM63ovNSNAeA1K16kaR/LRY/92w0zxQ5/1YzwblUX652i4Xs9RwAGjW9d9y6X88t8OaAJfWQ=="
    },
    "nanoid": {
      "version": "3.1.3",
      "resolved": "https://registry.npmjs.org/nanoid/-/nanoid-3.1.3.tgz",
      "integrity": "sha512-Zw8rTOUfh6FlKgkEbHiB1buOF2zOPOQyGirABUWn+9Z7m9PpyoLVkh6Ksc53vBjndINQ2+9LfRPaHxb/u45EGg=="
    },
    "object-assign": {
      "version": "4.1.1",
      "resolved": "https://registry.npmjs.org/object-assign/-/object-assign-4.1.1.tgz",
      "integrity": "sha1-IQmtx5ZYh8/AXLvUQsrIv7s2CGM="
    },
    "query-string": {
      "version": "6.12.1",
      "resolved": "https://registry.npmjs.org/query-string/-/query-string-6.12.1.tgz",
      "integrity": "sha512-OHj+zzfRMyj3rmo/6G8a5Ifvw3AleL/EbcHMD27YA31Q+cO5lfmQxECkImuNVjcskLcvBRVHNAB3w6udMs1eAA==",
      "requires": {
        "decode-uri-component": "^0.2.0",
        "split-on-first": "^1.0.0",
        "strict-uri-encode": "^2.0.0"
      }
    },
    "react-is": {
      "version": "16.13.1",
      "resolved": "https://registry.npmjs.org/react-is/-/react-is-16.13.1.tgz",
      "integrity": "sha512-24e6ynE2H+OKt4kqsOvNd8kBpV65zoxbA4BVsEOB3ARVWQki/DHzaUoC5KuON/BiccDaCCTZBuOcfZs70kR8bQ=="
    },
    "react-native-iphone-x-helper": {
      "version": "1.2.1",
      "resolved": "https://registry.npmjs.org/react-native-iphone-x-helper/-/react-native-iphone-x-helper-1.2.1.tgz",
      "integrity": "sha512-/VbpIEp8tSNNHIvstuA3Swx610whci1Zpc9mqNkqn14DkMbw+ORviln2u0XyHG1kPvvwTNGZY6QpeFwxYaSdbQ=="
    },
    "simple-swizzle": {
      "version": "0.2.2",
      "resolved": "https://registry.npmjs.org/simple-swizzle/-/simple-swizzle-0.2.2.tgz",
      "integrity": "sha1-pNprY1/8zMoz9w0Xy5JZLeleVXo=",
      "requires": {
        "is-arrayish": "^0.3.1"
      }
    },
    "split-on-first": {
      "version": "1.1.0",
      "resolved": "https://registry.npmjs.org/split-on-first/-/split-on-first-1.1.0.tgz",
      "integrity": "sha512-43ZssAJaMusuKWL8sKUBQXHWOpq8d6CfN/u1p4gUzfJkM05C8rxTmYrkIPTXapZpORA6LkkzcUulJ8FqA7Uudw=="
    },
    "strict-uri-encode": {
      "version": "2.0.0",
      "resolved": "https://registry.npmjs.org/strict-uri-encode/-/strict-uri-encode-2.0.0.tgz",
      "integrity": "sha1-ucczDHBChi9rFC3CdLvMWGbONUY="
    },
    "use-subscription": {
      "version": "1.4.1",
      "resolved": "https://registry.npmjs.org/use-subscription/-/use-subscription-1.4.1.tgz",
      "integrity": "sha512-7+IIwDG/4JICrWHL/Q/ZPK5yozEnvRm6vHImu0LKwQlmWGKeiF7mbAenLlK/cTNXrTtXHU/SFASQHzB6+oSJMQ==",
      "requires": {
        "object-assign": "^4.1.1"
      }
    }
  }
}
